# This file is automatically @generated by Cargo.
# It is not intended for manual editing.
version = 4

[[package]]
name = "pwsh-cli"
version = "0.1.0"
dependencies = [
 "pwsh-cmdlets",
 "pwsh-lexer",
 "pwsh-parser",
 "pwsh-runtime",
]

[[package]]
name = "pwsh-cmdlets"
version = "0.1.0"
dependencies = [
 "pwsh-runtime",
]

[[package]]
name = "pwsh-lexer"
version = "0.1.0"

[[package]]
name = "pwsh-parser"
version = "0.1.0"
dependencies = [
 "pwsh-lexer",
]

[[package]]
name = "pwsh-runtime"
version = "0.1.0"
dependencies = [
 "pwsh-lexer",
 "pwsh-parser",
]
